
Microsoft Visual Studio Solution File, Format Version 12.00
# Visual Studio Version 17
VisualStudioVersion = 17.8.34511.84
MinimumVisualStudioVersion = 10.0.40219.1
Project("{FAE04EC0-301F-11D3-BF4B-00C04F79EFBC}") = "Samkele.C#", "Samkele.C#.csproj", "{17D45FF7-0939-48F3-8519-FBC9EB88B4A2}"
EndProject
Global
	GlobalSection(SolutionConfigurationPlatforms) = preSolution
		Debug|Any CPU = Debug|Any CPU
		Release|Any CPU = Release|Any CPU
	EndGlobalSection
	GlobalSection(ProjectConfigurationPlatforms) = postSolution
		{17D45FF7-0939-48F3-8519-FBC9EB88B4A2}.Debug|Any CPU.ActiveCfg = Debug|Any CPU
		{17D45FF7-0939-48F3-8519-FBC9EB88B4A2}.Debug|Any CPU.Build.0 = Debug|Any CPU
		{17D45FF7-0939-48F3-8519-FBC9EB88B4A2}.Release|Any CPU.ActiveCfg = Release|Any CPU
		{17D45FF7-0939-48F3-8519-FBC9EB88B4A2}.Release|Any CPU.Build.0 = Release|Any CPU
	EndGlobalSection
	GlobalSection(SolutionProperties) = preSolution
		HideSolutionNode = FALSE
	EndGlobalSection
	GlobalSection(ExtensibilityGlobals) = postSolution
		SolutionGuid = {A0C0BF14-807A-47C0-91A9-4210A502D854}
	EndGlobalSection
EndGlobal
